
Microsoft Visual Studio Solution File, Format Version 12.00
# Visual Studio Version 16
VisualStudioVersion = 16.0.32602.291
MinimumVisualStudioVersion = 10.0.40219.1
Project("{FAE04EC0-301F-11D3-BF4B-00C04F79EFBC}") = "BackAccount", "BackAccount\BackAccount.csproj", "{33AE3034-E7DC-49DD-BCA1-78AA1F68042E}"
EndProject
Project("{FAE04EC0-301F-11D3-BF4B-00C04F79EFBC}") = "BankAccountTests", "BankAccountTests\BankAccountTests.csproj", "{C8C65E58-A822-408A-AEF2-E0ACF860AC62}"
EndProject
Global
	GlobalSection(SolutionConfigurationPlatforms) = preSolution
		Debug|Any CPU = Debug|Any CPU
		Release|Any CPU = Release|Any CPU
	EndGlobalSection
	GlobalSection(ProjectConfigurationPlatforms) = postSolution
		{33AE3034-E7DC-49DD-BCA1-78AA1F68042E}.Debug|Any CPU.ActiveCfg = Debug|Any CPU
		{33AE3034-E7DC-49DD-BCA1-78AA1F68042E}.Debug|Any CPU.Build.0 = Debug|Any CPU
		{33AE3034-E7DC-49DD-BCA1-78AA1F68042E}.Release|Any CPU.ActiveCfg = Release|Any CPU
		{33AE3034-E7DC-49DD-BCA1-78AA1F68042E}.Release|Any CPU.Build.0 = Release|Any CPU
		{C8C65E58-A822-408A-AEF2-E0ACF860AC62}.Debug|Any CPU.ActiveCfg = Debug|Any CPU
		{C8C65E58-A822-408A-AEF2-E0ACF860AC62}.Debug|Any CPU.Build.0 = Debug|Any CPU
		{C8C65E58-A822-408A-AEF2-E0ACF860AC62}.Release|Any CPU.ActiveCfg = Release|Any CPU
		{C8C65E58-A822-408A-AEF2-E0ACF860AC62}.Release|Any CPU.Build.0 = Release|Any CPU
	EndGlobalSection
	GlobalSection(SolutionProperties) = preSolution
		HideSolutionNode = FALSE
	EndGlobalSection
	GlobalSection(ExtensibilityGlobals) = postSolution
		SolutionGuid = {A6E620F6-7102-420F-8089-25FBD91331EA}
	EndGlobalSection
EndGlobal
